
Microsoft Visual Studio Solution File, Format Version 12.00
# Visual Studio Version 17
VisualStudioVersion = 17.10.35027.167
MinimumVisualStudioVersion = 10.0.40219.1
Project("{9A19103F-16F7-4668-BE54-9A1E7A4F7556}") = "SteamApp.WebAPI", "SteamApp.WebAPI.csproj", "{8EA3C075-6434-40E5-9EBD-C94FA9D84441}"
EndProject
Project("{FAE04EC0-301F-11D3-BF4B-00C04F79EFBC}") = "SteamApp.Infrastructure", "..\SteamApp.Infrastructure\SteamApp.Infrastructure.csproj", "{5DB5E39E-5641-4518-AA3C-95C371587F2D}"
EndProject
Project("{2150E333-8FDC-42A3-9474-1A3956D46DE8}") = "Tests", "Tests", "{23836989-55FB-4545-AEAB-13FDE514F01A}"
EndProject
Project("{FAE04EC0-301F-11D3-BF4B-00C04F79EFBC}") = "SteamApp.Tests", "..\SteamApp.Tests\SteamApp.Tests.csproj", "{4AA67631-44D7-47C2-96DE-4C5697348CC7}"
EndProject
Project("{FAE04EC0-301F-11D3-BF4B-00C04F79EFBC}") = "SteamApp.Domain", "..\SteamApp.Models\SteamApp.Domain.csproj", "{07F3FDBD-871A-47AD-8912-6083BD3D4082}"
EndProject
Project("{FAE04EC0-301F-11D3-BF4B-00C04F79EFBC}") = "SteamApp.WebApiClient", "..\SteamApp.WebApiClient\SteamApp.WebApiClient.csproj", "{2BE861C8-13D6-452D-93B1-943121BBD9AC}"
EndProject
Project("{FAE04EC0-301F-11D3-BF4B-00C04F79EFBC}") = "SteamApp.Application", "..\SteamApp.Application\SteamApp.Application.csproj", "{B9C3912D-62D7-424F-8F6D-0E75E367DEBC}"
EndProject
Global
	GlobalSection(SolutionConfigurationPlatforms) = preSolution
		Debug|Any CPU = Debug|Any CPU
		Release|Any CPU = Release|Any CPU
	EndGlobalSection
	GlobalSection(ProjectConfigurationPlatforms) = postSolution
		{8EA3C075-6434-40E5-9EBD-C94FA9D84441}.Debug|Any CPU.ActiveCfg = Debug|Any CPU
		{8EA3C075-6434-40E5-9EBD-C94FA9D84441}.Debug|Any CPU.Build.0 = Debug|Any CPU
		{8EA3C075-6434-40E5-9EBD-C94FA9D84441}.Release|Any CPU.ActiveCfg = Release|Any CPU
		{8EA3C075-6434-40E5-9EBD-C94FA9D84441}.Release|Any CPU.Build.0 = Release|Any CPU
		{5DB5E39E-5641-4518-AA3C-95C371587F2D}.Debug|Any CPU.ActiveCfg = Debug|Any CPU
		{5DB5E39E-5641-4518-AA3C-95C371587F2D}.Debug|Any CPU.Build.0 = Debug|Any CPU
		{5DB5E39E-5641-4518-AA3C-95C371587F2D}.Release|Any CPU.ActiveCfg = Release|Any CPU
		{5DB5E39E-5641-4518-AA3C-95C371587F2D}.Release|Any CPU.Build.0 = Release|Any CPU
		{4AA67631-44D7-47C2-96DE-4C5697348CC7}.Debug|Any CPU.ActiveCfg = Debug|Any CPU
		{4AA67631-44D7-47C2-96DE-4C5697348CC7}.Debug|Any CPU.Build.0 = Debug|Any CPU
		{4AA67631-44D7-47C2-96DE-4C5697348CC7}.Release|Any CPU.ActiveCfg = Release|Any CPU
		{4AA67631-44D7-47C2-96DE-4C5697348CC7}.Release|Any CPU.Build.0 = Release|Any CPU
		{07F3FDBD-871A-47AD-8912-6083BD3D4082}.Debug|Any CPU.ActiveCfg = Debug|Any CPU
		{07F3FDBD-871A-47AD-8912-6083BD3D4082}.Debug|Any CPU.Build.0 = Debug|Any CPU
		{07F3FDBD-871A-47AD-8912-6083BD3D4082}.Release|Any CPU.ActiveCfg = Release|Any CPU
		{07F3FDBD-871A-47AD-8912-6083BD3D4082}.Release|Any CPU.Build.0 = Release|Any CPU
		{2BE861C8-13D6-452D-93B1-943121BBD9AC}.Debug|Any CPU.ActiveCfg = Debug|Any CPU
		{2BE861C8-13D6-452D-93B1-943121BBD9AC}.Debug|Any CPU.Build.0 = Debug|Any CPU
		{2BE861C8-13D6-452D-93B1-943121BBD9AC}.Release|Any CPU.ActiveCfg = Release|Any CPU
		{2BE861C8-13D6-452D-93B1-943121BBD9AC}.Release|Any CPU.Build.0 = Release|Any CPU
		{B9C3912D-62D7-424F-8F6D-0E75E367DEBC}.Debug|Any CPU.ActiveCfg = Debug|Any CPU
		{B9C3912D-62D7-424F-8F6D-0E75E367DEBC}.Debug|Any CPU.Build.0 = Debug|Any CPU
		{B9C3912D-62D7-424F-8F6D-0E75E367DEBC}.Release|Any CPU.ActiveCfg = Release|Any CPU
		{B9C3912D-62D7-424F-8F6D-0E75E367DEBC}.Release|Any CPU.Build.0 = Release|Any CPU
	EndGlobalSection
	GlobalSection(SolutionProperties) = preSolution
		HideSolutionNode = FALSE
	EndGlobalSection
	GlobalSection(NestedProjects) = preSolution
		{4AA67631-44D7-47C2-96DE-4C5697348CC7} = {23836989-55FB-4545-AEAB-13FDE514F01A}
	EndGlobalSection
	GlobalSection(ExtensibilityGlobals) = postSolution
		SolutionGuid = {1E283A1D-69BE-484E-966A-0C1326A61517}
	EndGlobalSection
EndGlobal
